# This file is automatically @generated by Cargo.
# It is not intended for manual editing.
version = 4

[[package]]
name = "labman"
version = "0.0.1"

[[package]]
name = "labman-client"
version = "0.0.1"

[[package]]
name = "labman-config"
version = "0.0.1"

[[package]]
name = "labman-core"
version = "0.0.1"

[[package]]
name = "labman-endpoints"
version = "0.0.1"

[[package]]
name = "labman-proxy"
version = "0.0.1"

[[package]]
name = "labman-telemetry"
version = "0.0.1"

[[package]]
name = "labman-wireguard"
version = "0.0.1"

[[package]]
name = "labmand"
version = "0.0.1"
